
Microsoft Visual Studio Solution File, Format Version 12.00
# Visual Studio Version 16
VisualStudioVersion = 16.0.31515.178
MinimumVisualStudioVersion = 10.0.40219.1
Project("{FAE04EC0-301F-11D3-BF4B-00C04F79EFBC}") = "Practice", "Practice\Practice.csproj", "{3F80C8F7-6A4C-42FD-B268-60C199F67861}"
EndProject
Project("{FAE04EC0-301F-11D3-BF4B-00C04F79EFBC}") = "LoginForm", "LoginForm\LoginForm.csproj", "{5759A249-EBD9-4440-A83D-00B0A186DD02}"
EndProject
Global
	GlobalSection(SolutionConfigurationPlatforms) = preSolution
		Debug|Any CPU = Debug|Any CPU
		Release|Any CPU = Release|Any CPU
	EndGlobalSection
	GlobalSection(ProjectConfigurationPlatforms) = postSolution
		{3F80C8F7-6A4C-42FD-B268-60C199F67861}.Debug|Any CPU.ActiveCfg = Debug|Any CPU
		{3F80C8F7-6A4C-42FD-B268-60C199F67861}.Debug|Any CPU.Build.0 = Debug|Any CPU
		{3F80C8F7-6A4C-42FD-B268-60C199F67861}.Release|Any CPU.ActiveCfg = Release|Any CPU
		{3F80C8F7-6A4C-42FD-B268-60C199F67861}.Release|Any CPU.Build.0 = Release|Any CPU
		{5759A249-EBD9-4440-A83D-00B0A186DD02}.Debug|Any CPU.ActiveCfg = Debug|Any CPU
		{5759A249-EBD9-4440-A83D-00B0A186DD02}.Debug|Any CPU.Build.0 = Debug|Any CPU
		{5759A249-EBD9-4440-A83D-00B0A186DD02}.Release|Any CPU.ActiveCfg = Release|Any CPU
		{5759A249-EBD9-4440-A83D-00B0A186DD02}.Release|Any CPU.Build.0 = Release|Any CPU
	EndGlobalSection
	GlobalSection(SolutionProperties) = preSolution
		HideSolutionNode = FALSE
	EndGlobalSection
	GlobalSection(ExtensibilityGlobals) = postSolution
		SolutionGuid = {D4427F01-8CD8-4562-8F1B-2ABAE14DCFB4}
	EndGlobalSection
EndGlobal
