
Microsoft Visual Studio Solution File, Format Version 12.00
# Visual Studio Version 16
VisualStudioVersion = 16.0.31515.178
MinimumVisualStudioVersion = 10.0.40219.1
Project("{FAE04EC0-301F-11D3-BF4B-00C04F79EFBC}") = "LoginForm", "LoginForm_ex\LoginForm.csproj", "{5759A249-EBD9-4440-A83D-00B0A186DD02}"
EndProject
Project("{FAE04EC0-301F-11D3-BF4B-00C04F79EFBC}") = "ThreadLogic", "Thread\ThreadLogic.csproj", "{D485CD6B-04B2-4005-9353-9F7075D8D6F7}"
EndProject
Project("{FAE04EC0-301F-11D3-BF4B-00C04F79EFBC}") = "ThreadLogic2", "ThreadLogic2\ThreadLogic2.csproj", "{497ED9DE-9ECC-4D14-8C0A-55C7352A5DEC}"
EndProject
Project("{FAE04EC0-301F-11D3-BF4B-00C04F79EFBC}") = "CrossThread", "CrossThread\CrossThread.csproj", "{A4DC8855-AD8D-4F73-886A-BBC40CF26994}"
EndProject
Project("{FAE04EC0-301F-11D3-BF4B-00C04F79EFBC}") = "StudentClass", "StudentClass\StudentClass.csproj", "{825DE44A-4755-45BA-8523-4F720D0B21AF}"
EndProject
Project("{FAE04EC0-301F-11D3-BF4B-00C04F79EFBC}") = "DeliveryFee", "DelieveryFee\DeliveryFee.csproj", "{3413BDF0-A3CE-4D7A-A956-D526ED97EDD1}"
EndProject
Project("{FAE04EC0-301F-11D3-BF4B-00C04F79EFBC}") = "GrowingStu", "GrowingStu\GrowingStu.csproj", "{68F178F0-2A80-4842-B7A8-78AA8CD47AF3}"
EndProject
Project("{FAE04EC0-301F-11D3-BF4B-00C04F79EFBC}") = "SelectiveSerialization", "SelectiveSerialization\SelectiveSerialization.csproj", "{A44295D7-18E4-4BAF-85D7-6302637B5D45}"
EndProject
Project("{FAE04EC0-301F-11D3-BF4B-00C04F79EFBC}") = "Serialization", "Serialization\Serialization.csproj", "{CFF4C870-A002-4B72-8142-DC1313CD6EA4}"
EndProject
Project("{FAE04EC0-301F-11D3-BF4B-00C04F79EFBC}") = "UserSerialization", "UserSerialization\UserSerialization.csproj", "{E6C7C195-D42F-461E-9875-332542CBE8AB}"
EndProject
Project("{FAE04EC0-301F-11D3-BF4B-00C04F79EFBC}") = "Reflection", "Reflection\Reflection.csproj", "{39AA5390-CF72-486C-B07D-E21FD4AED120}"
EndProject
Project("{FAE04EC0-301F-11D3-BF4B-00C04F79EFBC}") = "ManLib", "ManLib\ManLib.csproj", "{311ED8BF-0E19-40C9-8927-7A39B1F9F779}"
EndProject
Project("{FAE04EC0-301F-11D3-BF4B-00C04F79EFBC}") = "InvokeControl", "InvokeControl\InvokeControl.csproj", "{8302EFF2-4862-41D0-BB0B-DF48998EC293}"
EndProject
Global
	GlobalSection(SolutionConfigurationPlatforms) = preSolution
		Debug|Any CPU = Debug|Any CPU
		Release|Any CPU = Release|Any CPU
	EndGlobalSection
	GlobalSection(ProjectConfigurationPlatforms) = postSolution
		{5759A249-EBD9-4440-A83D-00B0A186DD02}.Debug|Any CPU.ActiveCfg = Debug|Any CPU
		{5759A249-EBD9-4440-A83D-00B0A186DD02}.Debug|Any CPU.Build.0 = Debug|Any CPU
		{5759A249-EBD9-4440-A83D-00B0A186DD02}.Release|Any CPU.ActiveCfg = Release|Any CPU
		{5759A249-EBD9-4440-A83D-00B0A186DD02}.Release|Any CPU.Build.0 = Release|Any CPU
		{D485CD6B-04B2-4005-9353-9F7075D8D6F7}.Debug|Any CPU.ActiveCfg = Debug|Any CPU
		{D485CD6B-04B2-4005-9353-9F7075D8D6F7}.Debug|Any CPU.Build.0 = Debug|Any CPU
		{D485CD6B-04B2-4005-9353-9F7075D8D6F7}.Release|Any CPU.ActiveCfg = Release|Any CPU
		{D485CD6B-04B2-4005-9353-9F7075D8D6F7}.Release|Any CPU.Build.0 = Release|Any CPU
		{497ED9DE-9ECC-4D14-8C0A-55C7352A5DEC}.Debug|Any CPU.ActiveCfg = Debug|Any CPU
		{497ED9DE-9ECC-4D14-8C0A-55C7352A5DEC}.Debug|Any CPU.Build.0 = Debug|Any CPU
		{497ED9DE-9ECC-4D14-8C0A-55C7352A5DEC}.Release|Any CPU.ActiveCfg = Release|Any CPU
		{497ED9DE-9ECC-4D14-8C0A-55C7352A5DEC}.Release|Any CPU.Build.0 = Release|Any CPU
		{A4DC8855-AD8D-4F73-886A-BBC40CF26994}.Debug|Any CPU.ActiveCfg = Debug|Any CPU
		{A4DC8855-AD8D-4F73-886A-BBC40CF26994}.Debug|Any CPU.Build.0 = Debug|Any CPU
		{A4DC8855-AD8D-4F73-886A-BBC40CF26994}.Release|Any CPU.ActiveCfg = Release|Any CPU
		{A4DC8855-AD8D-4F73-886A-BBC40CF26994}.Release|Any CPU.Build.0 = Release|Any CPU
		{825DE44A-4755-45BA-8523-4F720D0B21AF}.Debug|Any CPU.ActiveCfg = Debug|Any CPU
		{825DE44A-4755-45BA-8523-4F720D0B21AF}.Debug|Any CPU.Build.0 = Debug|Any CPU
		{825DE44A-4755-45BA-8523-4F720D0B21AF}.Release|Any CPU.ActiveCfg = Release|Any CPU
		{825DE44A-4755-45BA-8523-4F720D0B21AF}.Release|Any CPU.Build.0 = Release|Any CPU
		{3413BDF0-A3CE-4D7A-A956-D526ED97EDD1}.Debug|Any CPU.ActiveCfg = Debug|Any CPU
		{3413BDF0-A3CE-4D7A-A956-D526ED97EDD1}.Debug|Any CPU.Build.0 = Debug|Any CPU
		{3413BDF0-A3CE-4D7A-A956-D526ED97EDD1}.Release|Any CPU.ActiveCfg = Release|Any CPU
		{3413BDF0-A3CE-4D7A-A956-D526ED97EDD1}.Release|Any CPU.Build.0 = Release|Any CPU
		{68F178F0-2A80-4842-B7A8-78AA8CD47AF3}.Debug|Any CPU.ActiveCfg = Debug|Any CPU
		{68F178F0-2A80-4842-B7A8-78AA8CD47AF3}.Debug|Any CPU.Build.0 = Debug|Any CPU
		{68F178F0-2A80-4842-B7A8-78AA8CD47AF3}.Release|Any CPU.ActiveCfg = Release|Any CPU
		{68F178F0-2A80-4842-B7A8-78AA8CD47AF3}.Release|Any CPU.Build.0 = Release|Any CPU
		{A44295D7-18E4-4BAF-85D7-6302637B5D45}.Debug|Any CPU.ActiveCfg = Debug|Any CPU
		{A44295D7-18E4-4BAF-85D7-6302637B5D45}.Debug|Any CPU.Build.0 = Debug|Any CPU
		{A44295D7-18E4-4BAF-85D7-6302637B5D45}.Release|Any CPU.ActiveCfg = Release|Any CPU
		{A44295D7-18E4-4BAF-85D7-6302637B5D45}.Release|Any CPU.Build.0 = Release|Any CPU
		{CFF4C870-A002-4B72-8142-DC1313CD6EA4}.Debug|Any CPU.ActiveCfg = Debug|Any CPU
		{CFF4C870-A002-4B72-8142-DC1313CD6EA4}.Debug|Any CPU.Build.0 = Debug|Any CPU
		{CFF4C870-A002-4B72-8142-DC1313CD6EA4}.Release|Any CPU.ActiveCfg = Release|Any CPU
		{CFF4C870-A002-4B72-8142-DC1313CD6EA4}.Release|Any CPU.Build.0 = Release|Any CPU
		{E6C7C195-D42F-461E-9875-332542CBE8AB}.Debug|Any CPU.ActiveCfg = Debug|Any CPU
		{E6C7C195-D42F-461E-9875-332542CBE8AB}.Debug|Any CPU.Build.0 = Debug|Any CPU
		{E6C7C195-D42F-461E-9875-332542CBE8AB}.Release|Any CPU.ActiveCfg = Release|Any CPU
		{E6C7C195-D42F-461E-9875-332542CBE8AB}.Release|Any CPU.Build.0 = Release|Any CPU
		{39AA5390-CF72-486C-B07D-E21FD4AED120}.Debug|Any CPU.ActiveCfg = Debug|Any CPU
		{39AA5390-CF72-486C-B07D-E21FD4AED120}.Debug|Any CPU.Build.0 = Debug|Any CPU
		{39AA5390-CF72-486C-B07D-E21FD4AED120}.Release|Any CPU.ActiveCfg = Release|Any CPU
		{39AA5390-CF72-486C-B07D-E21FD4AED120}.Release|Any CPU.Build.0 = Release|Any CPU
		{311ED8BF-0E19-40C9-8927-7A39B1F9F779}.Debug|Any CPU.ActiveCfg = Debug|Any CPU
		{311ED8BF-0E19-40C9-8927-7A39B1F9F779}.Debug|Any CPU.Build.0 = Debug|Any CPU
		{311ED8BF-0E19-40C9-8927-7A39B1F9F779}.Release|Any CPU.ActiveCfg = Release|Any CPU
		{311ED8BF-0E19-40C9-8927-7A39B1F9F779}.Release|Any CPU.Build.0 = Release|Any CPU
		{8302EFF2-4862-41D0-BB0B-DF48998EC293}.Debug|Any CPU.ActiveCfg = Debug|Any CPU
		{8302EFF2-4862-41D0-BB0B-DF48998EC293}.Debug|Any CPU.Build.0 = Debug|Any CPU
		{8302EFF2-4862-41D0-BB0B-DF48998EC293}.Release|Any CPU.ActiveCfg = Release|Any CPU
		{8302EFF2-4862-41D0-BB0B-DF48998EC293}.Release|Any CPU.Build.0 = Release|Any CPU
	EndGlobalSection
	GlobalSection(SolutionProperties) = preSolution
		HideSolutionNode = FALSE
	EndGlobalSection
	GlobalSection(ExtensibilityGlobals) = postSolution
		SolutionGuid = {D4427F01-8CD8-4562-8F1B-2ABAE14DCFB4}
	EndGlobalSection
EndGlobal
