
Microsoft Visual Studio Solution File, Format Version 12.00
# Visual Studio Version 16
VisualStudioVersion = 16.0.31702.278
MinimumVisualStudioVersion = 10.0.40219.1
Project("{FAE04EC0-301F-11D3-BF4B-00C04F79EFBC}") = "TrafficLight", "TrafficLight\TrafficLight.csproj", "{F8A10D75-904A-4552-8D9C-446C09BB3086}"
EndProject
Project("{FAE04EC0-301F-11D3-BF4B-00C04F79EFBC}") = "Conveyor", "Conveyor\Conveyor.csproj", "{F84E923D-75C2-4485-8A9A-27710952B255}"
EndProject
Global
	GlobalSection(SolutionConfigurationPlatforms) = preSolution
		Debug|Any CPU = Debug|Any CPU
		Release|Any CPU = Release|Any CPU
	EndGlobalSection
	GlobalSection(ProjectConfigurationPlatforms) = postSolution
		{F8A10D75-904A-4552-8D9C-446C09BB3086}.Debug|Any CPU.ActiveCfg = Debug|Any CPU
		{F8A10D75-904A-4552-8D9C-446C09BB3086}.Debug|Any CPU.Build.0 = Debug|Any CPU
		{F8A10D75-904A-4552-8D9C-446C09BB3086}.Release|Any CPU.ActiveCfg = Release|Any CPU
		{F8A10D75-904A-4552-8D9C-446C09BB3086}.Release|Any CPU.Build.0 = Release|Any CPU
		{F84E923D-75C2-4485-8A9A-27710952B255}.Debug|Any CPU.ActiveCfg = Debug|Any CPU
		{F84E923D-75C2-4485-8A9A-27710952B255}.Debug|Any CPU.Build.0 = Debug|Any CPU
		{F84E923D-75C2-4485-8A9A-27710952B255}.Release|Any CPU.ActiveCfg = Release|Any CPU
		{F84E923D-75C2-4485-8A9A-27710952B255}.Release|Any CPU.Build.0 = Release|Any CPU
	EndGlobalSection
	GlobalSection(SolutionProperties) = preSolution
		HideSolutionNode = FALSE
	EndGlobalSection
	GlobalSection(ExtensibilityGlobals) = postSolution
		SolutionGuid = {065EE3CA-9C56-4133-8DD1-AEF69248052E}
	EndGlobalSection
EndGlobal
