
Microsoft Visual Studio Solution File, Format Version 12.00
# Visual Studio Version 16
VisualStudioVersion = 16.0.31410.357
MinimumVisualStudioVersion = 10.0.40219.1
Project("{FAE04EC0-301F-11D3-BF4B-00C04F79EFBC}") = "AnimalShelter", "AnimalShelter.csproj", "{9AC29D75-21CB-420E-AA83-CDD867F36724}"
EndProject
Global
	GlobalSection(SolutionConfigurationPlatforms) = preSolution
		Debug|Any CPU = Debug|Any CPU
		Release|Any CPU = Release|Any CPU
	EndGlobalSection
	GlobalSection(ProjectConfigurationPlatforms) = postSolution
		{9AC29D75-21CB-420E-AA83-CDD867F36724}.Debug|Any CPU.ActiveCfg = Debug|Any CPU
		{9AC29D75-21CB-420E-AA83-CDD867F36724}.Debug|Any CPU.Build.0 = Debug|Any CPU
		{9AC29D75-21CB-420E-AA83-CDD867F36724}.Release|Any CPU.ActiveCfg = Release|Any CPU
		{9AC29D75-21CB-420E-AA83-CDD867F36724}.Release|Any CPU.Build.0 = Release|Any CPU
	EndGlobalSection
	GlobalSection(SolutionProperties) = preSolution
		HideSolutionNode = FALSE
	EndGlobalSection
	GlobalSection(ExtensibilityGlobals) = postSolution
		SolutionGuid = {C3725D1A-9AE5-465D-9FE1-E527EBE653EC}
	EndGlobalSection
EndGlobal
