
Microsoft Visual Studio Solution File, Format Version 12.00
# Visual Studio Version 16
VisualStudioVersion = 16.0.31410.357
MinimumVisualStudioVersion = 10.0.40219.1
Project("{9A19103F-16F7-4668-BE54-9A1E7A4F7556}") = "MyLib", "MyLib.csproj", "{DE928106-2922-4FEA-88B8-172BF76D40AE}"
EndProject
Project("{FAE04EC0-301F-11D3-BF4B-00C04F79EFBC}") = "MyLibTest", "..\MyLibTest\MyLibTest.csproj", "{0E3F12CB-7D03-4B6B-9566-85D08A5FED3F}"
EndProject
Global
	GlobalSection(SolutionConfigurationPlatforms) = preSolution
		Debug|Any CPU = Debug|Any CPU
		Release|Any CPU = Release|Any CPU
	EndGlobalSection
	GlobalSection(ProjectConfigurationPlatforms) = postSolution
		{DE928106-2922-4FEA-88B8-172BF76D40AE}.Debug|Any CPU.ActiveCfg = Debug|Any CPU
		{DE928106-2922-4FEA-88B8-172BF76D40AE}.Debug|Any CPU.Build.0 = Debug|Any CPU
		{DE928106-2922-4FEA-88B8-172BF76D40AE}.Release|Any CPU.ActiveCfg = Release|Any CPU
		{DE928106-2922-4FEA-88B8-172BF76D40AE}.Release|Any CPU.Build.0 = Release|Any CPU
		{0E3F12CB-7D03-4B6B-9566-85D08A5FED3F}.Debug|Any CPU.ActiveCfg = Debug|Any CPU
		{0E3F12CB-7D03-4B6B-9566-85D08A5FED3F}.Debug|Any CPU.Build.0 = Debug|Any CPU
		{0E3F12CB-7D03-4B6B-9566-85D08A5FED3F}.Release|Any CPU.ActiveCfg = Release|Any CPU
		{0E3F12CB-7D03-4B6B-9566-85D08A5FED3F}.Release|Any CPU.Build.0 = Release|Any CPU
	EndGlobalSection
	GlobalSection(SolutionProperties) = preSolution
		HideSolutionNode = FALSE
	EndGlobalSection
	GlobalSection(ExtensibilityGlobals) = postSolution
		SolutionGuid = {60B04E15-400C-4EF3-99E0-3928A5D1D132}
	EndGlobalSection
EndGlobal
